
Microsoft Visual Studio Solution File, Format Version 12.00
# Visual Studio Version 16
VisualStudioVersion = 16.0.29411.108
MinimumVisualStudioVersion = 10.0.40219.1
Project("{9A19103F-16F7-4668-BE54-9A1E7A4F7556}") = "BusinessLogic", "BusinessLogic\BusinessLogic.csproj", "{9C5F314A-5A4E-4580-86C9-B7830AC87021}"
EndProject
Project("{9A19103F-16F7-4668-BE54-9A1E7A4F7556}") = "WebUi", "WebUi\WebUi.csproj", "{57C2969A-7EA6-4EB7-AF88-B16387C4864A}"
EndProject
Global
	GlobalSection(SolutionConfigurationPlatforms) = preSolution
		Debug|Any CPU = Debug|Any CPU
		Release|Any CPU = Release|Any CPU
	EndGlobalSection
	GlobalSection(ProjectConfigurationPlatforms) = postSolution
		{9C5F314A-5A4E-4580-86C9-B7830AC87021}.Debug|Any CPU.ActiveCfg = Debug|Any CPU
		{9C5F314A-5A4E-4580-86C9-B7830AC87021}.Debug|Any CPU.Build.0 = Debug|Any CPU
		{9C5F314A-5A4E-4580-86C9-B7830AC87021}.Release|Any CPU.ActiveCfg = Release|Any CPU
		{9C5F314A-5A4E-4580-86C9-B7830AC87021}.Release|Any CPU.Build.0 = Release|Any CPU
		{57C2969A-7EA6-4EB7-AF88-B16387C4864A}.Debug|Any CPU.ActiveCfg = Debug|Any CPU
		{57C2969A-7EA6-4EB7-AF88-B16387C4864A}.Debug|Any CPU.Build.0 = Debug|Any CPU
		{57C2969A-7EA6-4EB7-AF88-B16387C4864A}.Release|Any CPU.ActiveCfg = Release|Any CPU
		{57C2969A-7EA6-4EB7-AF88-B16387C4864A}.Release|Any CPU.Build.0 = Release|Any CPU
	EndGlobalSection
	GlobalSection(SolutionProperties) = preSolution
		HideSolutionNode = FALSE
	EndGlobalSection
	GlobalSection(ExtensibilityGlobals) = postSolution
		SolutionGuid = {920F9727-93F7-43A9-B65D-4607787F5B3E}
	EndGlobalSection
EndGlobal
